
Microsoft Visual Studio Solution File, Format Version 12.00
# Visual Studio Version 17
VisualStudioVersion = 17.5.002.0
MinimumVisualStudioVersion = 10.0.40219.1
Project("{9A19103F-16F7-4668-BE54-9A1E7A4F7556}") = "Mapas", "Mapas.csproj", "{586DD966-20CD-49A9-B7F7-BD93E3DDC4C3}"
EndProject
Global
	GlobalSection(SolutionConfigurationPlatforms) = preSolution
		Debug|Any CPU = Debug|Any CPU
		Release|Any CPU = Release|Any CPU
	EndGlobalSection
	GlobalSection(ProjectConfigurationPlatforms) = postSolution
		{586DD966-20CD-49A9-B7F7-BD93E3DDC4C3}.Debug|Any CPU.ActiveCfg = Debug|Any CPU
		{586DD966-20CD-49A9-B7F7-BD93E3DDC4C3}.Debug|Any CPU.Build.0 = Debug|Any CPU
		{586DD966-20CD-49A9-B7F7-BD93E3DDC4C3}.Release|Any CPU.ActiveCfg = Release|Any CPU
		{586DD966-20CD-49A9-B7F7-BD93E3DDC4C3}.Release|Any CPU.Build.0 = Release|Any CPU
	EndGlobalSection
	GlobalSection(SolutionProperties) = preSolution
		HideSolutionNode = FALSE
	EndGlobalSection
	GlobalSection(ExtensibilityGlobals) = postSolution
		SolutionGuid = {F5E9DDC2-91A3-461C-9E09-8E36817D0A5B}
	EndGlobalSection
EndGlobal
